PODS:
  - AFNetworking (2.6.2):
    - AFNetworking/NSURLConnection (= 2.6.2)
    - AFNetworking/NSURLSession (= 2.6.2)
    - AFNetworking/Reachability (= 2.6.2)
    - AFNetworking/Security (= 2.6.2)
    - AFNetworking/Serialization (= 2.6.2)
    - AFNetworking/UIKit (= 2.6.2)
  - AFNetworking/NSURLConnection (2.6.2):
    - AFNetworking/Reachability
    - AFNetworking/Security
    - AFNetworking/Serialization
  - AFNetworking/NSURLSession (2.6.2):
    - AFNetworking/Reachability
    - AFNetworking/Security
    - AFNetworking/Serialization
  - AFNetworking/Reachability (2.6.2)
  - AFNetworking/Security (2.6.2)
  - AFNetworking/Serialization (2.6.2)
  - AFNetworking/UIKit (2.6.2):
    - AFNetworking/NSURLConnection
    - AFNetworking/NSURLSession
  - ImagePlayerView (1.0.5)
  - MJRefresh (3.0.1)
  - PureLayout (3.0.1)
  - SDWebImage (3.7.3):
    - SDWebImage/Core (= 3.7.3)
  - SDWebImage/Core (3.7.3)
  - SWRevealViewController (2.3.0)
  - VGParallaxHeader (0.0.6):
    - PureLayout

DEPENDENCIES:
  - AFNetworking (~> 2.6.1)
  - ImagePlayerView (~> 1.0.5)
  - MJRefresh (~> 3.0.1)
  - SDWebImage (~> 3.7.3)
  - SWRevealViewController (~> 2.3.0)
  - VGParallaxHeader (~> 0.0.6)

SPEC CHECKSUMS:
  AFNetworking: 7f317038a9710cabfa43ec56396b307b45df72ab
  ImagePlayerView: b641cf435d8c259ee2c6b966852cdb1692984edc
  MJRefresh: ca22bb7197c4a17a0491763773cd5cb106b2a810
  PureLayout: f35f5384c9c4e4479df041dbe33ad7577b71ddfb
  SDWebImage: 1d2b1a1efda1ade1b00b6f8498865f8ddedc8a84
  SWRevealViewController: 6d3fd97f70112fd7cef9de14df4260eacce4c63a
  VGParallaxHeader: 1213aba58c9b0aea84f9e81ad526fde57aa4fe48

COCOAPODS: 0.39.0
